// !$*UTF8*$!
{
	archiveVersion = 1;
	classes = {
	};
	objectVersion = 46;
	objects = {

/* Begin PBXBuildFile section */
		99AF66621A92909C00F2975E /* AppDelegate.swift in Sources */ = {isa = PBXBuildFile; fileRef = 99AF66611A92909C00F2975E /* AppDelegate.swift */; };
		99AF66641A92909C00F2975E /* ViewController.swift in Sources */ = {isa = PBXBuildFile; fileRef = 99AF66631A92909C00F2975E /* ViewController.swift */; };
		99AF66671A92909C00F2975E /* Main.storyboard in Resources */ = {isa = PBXBuildFile; fileRef = 99AF66651A92909C00F2975E /* Main.storyboard */; };
		99AF66691A92909C00F2975E /* Images.xcassets in Resources */ = {isa = PBXBuildFile; fileRef = 99AF66681A92909C00F2975E /* Images.xcassets */; };
		99AF666C1A92909C00F2975E /* LaunchScreen.xib in Resources */ = {isa = PBXBuildFile; fileRef = 99AF666A1A92909C00F2975E /* LaunchScreen.xib */; };
		99AF66781A92909C00F2975E /* postcardTests.swift in Sources */ = {isa = PBXBuildFile; fileRef = 99AF66771A92909C00F2975E /* postcardTests.swift */; };
		99AF66821A929BCC00F2975E /* SagradaFamilia.jpeg in Resources */ = {isa = PBXBuildFile; fileRef = 99AF66811A929BCC00F2975E /* SagradaFamilia.jpeg */; };
		99AF66841A936AFD00F2975E /* AlbertEinsteinStamp.jpg in Resources */ = {isa = PBXBuildFile; fileRef = 99AF66831A936AFD00F2975E /* AlbertEinsteinStamp.jpg */; };
/* End PBXBuildFile section */

/* Begin PBXContainerItemProxy section */
		99AF66721A92909C00F2975E /* PBXContainerItemProxy */ = {
			isa = PBXContainerItemProxy;
			containerPortal = 99AF66541A92909C00F2975E /* Project object */;
			proxyType = 1;
			remoteGlobalIDString = 99AF665B1A92909C00F2975E;
			remoteInfo = postcard;
		};
/* End PBXContainerItemProxy section */

/* Begin PBXFileReference section */
		99AF665C1A92909C00F2975E /* postcard.app */ = {isa = PBXFileReference; explicitFileType = wrapper.application; includeInIndex = 0; path = postcard.app; sourceTree = BUILT_PRODUCTS_DIR; };
		99AF66601A92909C00F2975E /* Info.plist */ = {isa = PBXFileReference; lastKnownFileType = text.plist.xml; path = Info.plist; sourceTree = "<group>"; };
		99AF66611A92909C00F2975E /* AppDelegate.swift */ = {isa = PBXFileReference; lastKnownFileType = sourcecode.swift; path = AppDelegate.swift; sourceTree = "<group>"; };
		99AF66631A92909C00F2975E /* ViewController.swift */ = {isa = PBXFileReference; lastKnownFileType = sourcecode.swift; path = ViewController.swift; sourceTree = "<group>"; };
		99AF66661A92909C00F2975E /* Base */ = {isa = PBXFileReference; lastKnownFileType = file.storyboard; name = Base; path = Base.lproj/Main.storyboard; sourceTree = "<group>"; };
		99AF66681A92909C00F2975E /* Images.xcassets */ = {isa = PBXFileReference; lastKnownFileType = folder.assetcatalog; path = Images.xcassets; sourceTree = "<group>"; };
		99AF666B1A92909C00F2975E /* Base */ = {isa = PBXFileReference; lastKnownFileType = file.xib; name = Base; path = Base.lproj/LaunchScreen.xib; sourceTree = "<group>"; };
		99AF66711A92909C00F2975E /* postcardTests.xctest */ = {isa = PBXFileReference; explicitFileType = wrapper.cfbundle; includeInIndex = 0; path = postcardTests.xctest; sourceTree = BUILT_PRODUCTS_DIR; };
		99AF66761A92909C00F2975E /* Info.plist */ = {isa = PBXFileReference; lastKnownFileType = text.plist.xml; path = Info.plist; sourceTree = "<group>"; };
		99AF66771A92909C00F2975E /* postcardTests.swift */ = {isa = PBXFileReference; lastKnownFileType = sourcecode.swift; path = postcardTests.swift; sourceTree = "<group>"; };
		99AF66811A929BCC00F2975E /* SagradaFamilia.jpeg */ = {isa = PBXFileReference; lastKnownFileType = image.jpeg; path = SagradaFamilia.jpeg; sourceTree = "<group>"; };
		99AF66831A936AFD00F2975E /* AlbertEinsteinStamp.jpg */ = {isa = PBXFileReference; lastKnownFileType = image.jpeg; path = AlbertEinsteinStamp.jpg; sourceTree = "<group>"; };
/* End PBXFileReference section */

/* Begin PBXFrameworksBuildPhase section */
		99AF66591A92909C00F2975E /* Frameworks */ = {
			isa = PBXFrameworksBuildPhase;
			buildActionMask = 2147483647;
			files = (
			);
			runOnlyForDeploymentPostprocessing = 0;
		};
		99AF666E1A92909C00F2975E /* Frameworks */ = {
			isa = PBXFrameworksBuildPhase;
			buildActionMask = 2147483647;
			files = (
			);
			runOnlyForDeploymentPostprocessing = 0;
		};
/* End PBXFrameworksBuildPhase section */

/* Begin PBXGroup section */
		99AF66531A92909C00F2975E = {
			isa = PBXGroup;
			children = (
				99AF665E1A92909C00F2975E /* postcard */,
				99AF66741A92909C00F2975E /* postcardTests */,
				99AF665D1A92909C00F2975E /* Products */,
			);
			sourceTree = "<group>";
		};
		99AF665D1A92909C00F2975E /* Products */ = {
			isa = PBXGroup;
			children = (
				99AF665C1A92909C00F2975E /* postcard.app */,
				99AF66711A92909C00F2975E /* postcardTests.xctest */,
			);
			name = Products;
			sourceTree = "<group>";
		};
		99AF665E1A92909C00F2975E /* postcard */ = {
			isa = PBXGroup;
			children = (
				99AF66611A92909C00F2975E /* AppDelegate.swift */,
				99AF66631A92909C00F2975E /* ViewController.swift */,
				99AF66651A92909C00F2975E /* Main.storyboard */,
				99AF66681A92909C00F2975E /* Images.xcassets */,
				99AF666A1A92909C00F2975E /* LaunchScreen.xib */,
				99AF665F1A92909C00F2975E /* Supporting Files */,
			);
			path = postcard;
			sourceTree = "<group>";
		};
		99AF665F1A92909C00F2975E /* Supporting Files */ = {
			isa = PBXGroup;
			children = (
				99AF66831A936AFD00F2975E /* AlbertEinsteinStamp.jpg */,
				99AF66811A929BCC00F2975E /* SagradaFamilia.jpeg */,
				99AF66601A92909C00F2975E /* Info.plist */,
			);
			name = "Supporting Files";
			sourceTree = "<group>";
		};
		99AF66741A92909C00F2975E /* postcardTests */ = {
			isa = PBXGroup;
			children = (
				99AF66771A92909C00F2975E /* postcardTests.swift */,
				99AF66751A92909C00F2975E /* Supporting Files */,
			);
			path = postcardTests;
			sourceTree = "<group>";
		};
		99AF66751A92909C00F2975E /* Supporting Files */ = {
			isa = PBXGroup;
			children = (
				99AF66761A92909C00F2975E /* Info.plist */,
			);
			name = "Supporting Files";
			sourceTree = "<group>";
		};
/* End PBXGroup section */

/* Begin PBXNativeTarget section */
		99AF665B1A92909C00F2975E /* postcard */ = {
			isa = PBXNativeTarget;
			buildConfigurationList = 99AF667B1A92909C00F2975E /* Build configuration list for PBXNativeTarget "postcard" */;
			buildPhases = (
				99AF66581A92909C00F2975E /* Sources */,
				99AF66591A92909C00F2975E /* Frameworks */,
				99AF665A1A92909C00F2975E /* Resources */,
			);
			buildRules = (
			);
			dependencies = (
			);
			name = postcard;
			productName = postcard;
			productReference = 99AF665C1A92909C00F2975E /* postcard.app */;
			productType = "com.apple.product-type.application";
		};
		99AF66701A92909C00F2975E /* postcardTests */ = {
			isa = PBXNativeTarget;
			buildConfigurationList = 99AF667E1A92909C00F2975E /* Build configuration list for PBXNativeTarget "postcardTests" */;
			buildPhases = (
				99AF666D1A92909C00F2975E /* Sources */,
				99AF666E1A92909C00F2975E /* Frameworks */,
				99AF666F1A92909C00F2975E /* Resources */,
			);
			buildRules = (
			);
			dependencies = (
				99AF66731A92909C00F2975E /* PBXTargetDependency */,
			);
			name = postcardTests;
			productName = postcardTests;
			productReference = 99AF66711A92909C00F2975E /* postcardTests.xctest */;
			productType = "com.apple.product-type.bundle.unit-test";
		};
/* End PBXNativeTarget section */

/* Begin PBXProject section */
		99AF66541A92909C00F2975E /* Project object */ = {
			isa = PBXProject;
			attributes = {
				LastUpgradeCheck = 0610;
				ORGANIZATIONNAME = "Angelika Breitenbach";
				TargetAttributes = {
					99AF665B1A92909C00F2975E = {
						CreatedOnToolsVersion = 6.1.1;
					};
					99AF66701A92909C00F2975E = {
						CreatedOnToolsVersion = 6.1.1;
						TestTargetID = 99AF665B1A92909C00F2975E;
					};
				};
			};
			buildConfigurationList = 99AF66571A92909C00F2975E /* Build configuration list for PBXProject "postcard" */;
			compatibilityVersion = "Xcode 3.2";
			developmentRegion = English;
			hasScannedForEncodings = 0;
			knownRegions = (
				en,
				Base,
			);
			mainGroup = 99AF66531A92909C00F2975E;
			productRefGroup = 99AF665D1A92909C00F2975E /* Products */;
			projectDirPath = "";
			projectRoot = "";
			targets = (
				99AF665B1A92909C00F2975E /* postcard */,
				99AF66701A92909C00F2975E /* postcardTests */,
			);
		};
/* End PBXProject section */

/* Begin PBXResourcesBuildPhase section */
		99AF665A1A92909C00F2975E /* Resources */ = {
			isa = PBXResourcesBuildPhase;
			buildActionMask = 2147483647;
			files = (
				99AF66671A92909C00F2975E /* Main.storyboard in Resources */,
				99AF66821A929BCC00F2975E /* SagradaFamilia.jpeg in Resources */,
				99AF66841A936AFD00F2975E /* AlbertEinsteinStamp.jpg in Resources */,
				99AF666C1A92909C00F2975E /* LaunchScreen.xib in Resources */,
				99AF66691A92909C00F2975E /* Images.xcassets in Resources */,
			);
			runOnlyForDeploymentPostprocessing = 0;
		};
		99AF666F1A92909C00F2975E /* Resources */ = {
			isa = PBXResourcesBuildPhase;
			buildActionMask = 2147483647;
			files = (
			);
			runOnlyForDeploymentPostprocessing = 0;
		};
/* End PBXResourcesBuildPhase section */

/* Begin PBXSourcesBuildPhase section */
		99AF66581A92909C00F2975E /* Sources */ = {
			isa = PBXSourcesBuildPhase;
			buildActionMask = 2147483647;
			files = (
				99AF66641A92909C00F2975E /* ViewController.swift in Sources */,
				99AF66621A92909C00F2975E /* AppDelegate.swift in Sources */,
			);
			runOnlyForDeploymentPostprocessing = 0;
		};
		99AF666D1A92909C00F2975E /* Sources */ = {
			isa = PBXSourcesBuildPhase;
			buildActionMask = 2147483647;
			files = (
				99AF66781A92909C00F2975E /* postcardTests.swift in Sources */,
			);
			runOnlyForDeploymentPostprocessing = 0;
		};
/* End PBXSourcesBuildPhase section */

/* Begin PBXTargetDependency section */
		99AF66731A92909C00F2975E /* PBXTargetDependency */ = {
			isa = PBXTargetDependency;
			target = 99AF665B1A92909C00F2975E /* postcard */;
			targetProxy = 99AF66721A92909C00F2975E /* PBXContainerItemProxy */;
		};
/* End PBXTargetDependency section */

/* Begin PBXVariantGroup section */
		99AF66651A92909C00F2975E /* Main.storyboard */ = {
			isa = PBXVariantGroup;
			children = (
				99AF66661A92909C00F2975E /* Base */,
			);
			name = Main.storyboard;
			sourceTree = "<group>";
		};
		99AF666A1A92909C00F2975E /* LaunchScreen.xib */ = {
			isa = PBXVariantGroup;
			children = (
				99AF666B1A92909C00F2975E /* Base */,
			);
			name = LaunchScreen.xib;
			sourceTree = "<group>";
		};
/* End PBXVariantGroup section */

/* Begin XCBuildConfiguration section */
		99AF66791A92909C00F2975E /* Debug */ = {
			isa = XCBuildConfiguration;
			buildSettings = {
				ALWAYS_SEARCH_USER_PATHS = NO;
				CLANG_CXX_LANGUAGE_STANDARD = "gnu++0x";
				CLANG_CXX_LIBRARY = "libc++";
				CLANG_ENABLE_MODULES = YES;
				CLANG_ENABLE_OBJC_ARC = YES;
				CLANG_WARN_BOOL_CONVERSION = YES;
				CLANG_WARN_CONSTANT_CONVERSION = YES;
				CLANG_WARN_DIRECT_OBJC_ISA_USAGE = YES_ERROR;
				CLANG_WARN_EMPTY_BODY = YES;
				CLANG_WARN_ENUM_CONVERSION = YES;
				CLANG_WARN_INT_CONVERSION = YES;
				CLANG_WARN_OBJC_ROOT_CLASS = YES_ERROR;
				CLANG_WARN_UNREACHABLE_CODE = YES;
				CLANG_WARN__DUPLICATE_METHOD_MATCH = YES;
				"CODE_SIGN_IDENTITY[sdk=iphoneos*]" = "iPhone Developer";
				COPY_PHASE_STRIP = NO;
				ENABLE_STRICT_OBJC_MSGSEND = YES;
				GCC_C_LANGUAGE_STANDARD = gnu99;
				GCC_DYNAMIC_NO_PIC = NO;
				GCC_OPTIMIZATION_LEVEL = 0;
				GCC_PREPROCESSOR_DEFINITIONS = (
					"DEBUG=1",
					"$(inherited)",
				);
				GCC_SYMBOLS_PRIVATE_EXTERN = NO;
				GCC_WARN_64_TO_32_BIT_CONVERSION = YES;
				GCC_WARN_ABOUT_RETURN_TYPE = YES_ERROR;
				GCC_WARN_UNDECLARED_SELECTOR = YES;
				GCC_WARN_UNINITIALIZED_AUTOS = YES_AGGRESSIVE;
				GCC_WARN_UNUSED_FUNCTION = YES;
				GCC_WARN_UNUSED_VARIABLE = YES;
				IPHONEOS_DEPLOYMENT_TARGET = 8.1;
				MTL_ENABLE_DEBUG_INFO = YES;
				ONLY_ACTIVE_ARCH = YES;
				SDKROOT = iphoneos;
				SWIFT_OPTIMIZATION_LEVEL = "-Onone";
			};
			name = Debug;
		};
		99AF667A1A92909C00F2975E /* Release */ = {
			isa = XCBuildConfiguration;
			buildSettings = {
				ALWAYS_SEARCH_USER_PATHS = NO;
				CLANG_CXX_LANGUAGE_STANDARD = "gnu++0x";
				CLANG_CXX_LIBRARY = "libc++";
				CLANG_ENABLE_MODULES = YES;
				CLANG_ENABLE_OBJC_ARC = YES;
				CLANG_WARN_BOOL_CONVERSION = YES;
				CLANG_WARN_CONSTANT_CONVERSION = YES;
				CLANG_WARN_DIRECT_OBJC_ISA_USAGE = YES_ERROR;
				CLANG_WARN_EMPTY_BODY = YES;
				CLANG_WARN_ENUM_CONVERSION = YES;
				CLANG_WARN_INT_CONVERSION = YES;
				CLANG_WARN_OBJC_ROOT_CLASS = YES_ERROR;
				CLANG_WARN_UNREACHABLE_CODE = YES;
				CLANG_WARN__DUPLICATE_METHOD_MATCH = YES;
				"CODE_SIGN_IDENTITY[sdk=iphoneos*]" = "iPhone Developer";
				COPY_PHASE_STRIP = YES;
				ENABLE_NS_ASSERTIONS = NO;
				ENABLE_STRICT_OBJC_MSGSEND = YES;
				GCC_C_LANGUAGE_STANDARD = gnu99;
				GCC_WARN_64_TO_32_BIT_CONVERSION = YES;
				GCC_WARN_ABOUT_RETURN_TYPE = YES_ERROR;
				GCC_WARN_UNDECLARED_SELECTOR = YES;
				GCC_WARN_UNINITIALIZED_AUTOS = YES_AGGRESSIVE;
				GCC_WARN_UNUSED_FUNCTION = YES;
				GCC_WARN_UNUSED_VARIABLE = YES;
				IPHONEOS_DEPLOYMENT_TARGET = 8.1;
				MTL_ENABLE_DEBUG_INFO = NO;
				SDKROOT = iphoneos;
				VALIDATE_PRODUCT = YES;
			};
			name = Release;
		};
		99AF667C1A92909C00F2975E /* Debug */ = {
			isa = XCBuildConfiguration;
			buildSettings = {
				ASSETCATALOG_COMPILER_APPICON_NAME = AppIcon;
				INFOPLIST_FILE = postcard/Info.plist;
				LD_RUNPATH_SEARCH_PATHS = "$(inherited) @executable_path/Frameworks";
				PRODUCT_NAME = "$(TARGET_NAME)";
			};
			name = Debug;
		};
		99AF667D1A92909C00F2975E /* Release */ = {
			isa = XCBuildConfiguration;
			buildSettings = {
				ASSETCATALOG_COMPILER_APPICON_NAME = AppIcon;
				INFOPLIST_FILE = postcard/Info.plist;
				LD_RUNPATH_SEARCH_PATHS = "$(inherited) @executable_path/Frameworks";
				PRODUCT_NAME = "$(TARGET_NAME)";
			};
			name = Release;
		};
		99AF667F1A92909C00F2975E /* Debug */ = {
			isa = XCBuildConfiguration;
			buildSettings = {
				BUNDLE_LOADER = "$(TEST_HOST)";
				FRAMEWORK_SEARCH_PATHS = (
					"$(SDKROOT)/Developer/Library/Frameworks",
					"$(inherited)",
				);
				GCC_PREPROCESSOR_DEFINITIONS = (
					"DEBUG=1",
					"$(inherited)",
				);
				INFOPLIST_FILE = postcardTests/Info.plist;
				LD_RUNPATH_SEARCH_PATHS = "$(inherited) @executable_path/Frameworks @loader_path/Frameworks";
				PRODUCT_NAME = "$(TARGET_NAME)";
				TEST_HOST = "$(BUILT_PRODUCTS_DIR)/postcard.app/postcard";
			};
			name = Debug;
		};
		99AF66801A92909C00F2975E /* Release */ = {
			isa = XCBuildConfiguration;
			buildSettings = {
				BUNDLE_LOADER = "$(TEST_HOST)";
				FRAMEWORK_SEARCH_PATHS = (
					"$(SDKROOT)/Developer/Library/Frameworks",
					"$(inherited)",
				);
				INFOPLIST_FILE = postcardTests/Info.plist;
				LD_RUNPATH_SEARCH_PATHS = "$(inherited) @executable_path/Frameworks @loader_path/Frameworks";
				PRODUCT_NAME = "$(TARGET_NAME)";
				TEST_HOST = "$(BUILT_PRODUCTS_DIR)/postcard.app/postcard";
			};
			name = Release;
		};
/* End XCBuildConfiguration section */

/* Begin XCConfigurationList section */
		99AF66571A92909C00F2975E /* Build configuration list for PBXProject "postcard" */ = {
			isa = XCConfigurationList;
			buildConfigurations = (
				99AF66791A92909C00F2975E /* Debug */,
				99AF667A1A92909C00F2975E /* Release */,
			);
			defaultConfigurationIsVisible = 0;
			defaultConfigurationName = Release;
		};
		99AF667B1A92909C00F2975E /* Build configuration list for PBXNativeTarget "postcard" */ = {
			isa = XCConfigurationList;
			buildConfigurations = (
				99AF667C1A92909C00F2975E /* Debug */,
				99AF667D1A92909C00F2975E /* Release */,
			);
			defaultConfigurationIsVisible = 0;
		};
		99AF667E1A92909C00F2975E /* Build configuration list for PBXNativeTarget "postcardTests" */ = {
			isa = XCConfigurationList;
			buildConfigurations = (
				99AF667F1A92909C00F2975E /* Debug */,
				99AF66801A92909C00F2975E /* Release */,
			);
			defaultConfigurationIsVisible = 0;
		};
/* End XCConfigurationList section */
	};
	rootObject = 99AF66541A92909C00F2975E /* Project object */;
}
